{
  "nodes": {
    "font-sf-mono": {
      "flake": false,
      "locked": {
        "lastModified": 1688258025,
        "narHash": "sha256-AYjKrVLISsJWXN6Cj74wXmbJtREkFDYOCRw1t2nVH2w=",
        "owner": "shaunsingh",
        "repo": "SFMono-Nerd-Font-Ligaturized",
        "rev": "dc5a3e6fcc2e16ad476b7be3c3c17c2273b260ea",
        "type": "github"
      },
      "original": {
        "owner": "shaunsingh",
        "repo": "SFMono-Nerd-Font-Ligaturized",
        "type": "github"
      }
    },
    "home-manager": {
      "inputs": {
        "nixpkgs": [
          "nixpkgs"
        ]
      },
      "locked": {
        "lastModified": 1756261190,
        "narHash": "sha256-eiy0klFK5EVJLNilutR7grsZN/7Itj9DyD75eyOf83k=",
        "owner": "nix-community",
        "repo": "home-manager",
        "rev": "77f348da3176dc68b20a73dab94852a417daf361",
        "type": "github"
      },
      "original": {
        "owner": "nix-community",
        "repo": "home-manager",
        "type": "github"
      }
    },
    "impermanence": {
      "locked": {
        "lastModified": 1737831083,
        "narHash": "sha256-LJggUHbpyeDvNagTUrdhe/pRVp4pnS6wVKALS782gRI=",
        "owner": "nix-community",
        "repo": "impermanence",
        "rev": "4b3e914cdf97a5b536a889e939fb2fd2b043a170",
        "type": "github"
      },
      "original": {
        "owner": "nix-community",
        "repo": "impermanence",
        "type": "github"
      }
    },
    "nixpkgs": {
      "locked": {
        "lastModified": 1756159630,
        "narHash": "sha256-ohMvsjtSVdT/bruXf5ClBh8ZYXRmD4krmjKrXhEvwMg=",
        "owner": "nixos",
        "repo": "nixpkgs",
        "rev": "84c256e42600cb0fdf25763b48d28df2f25a0c8b",
        "type": "github"
      },
      "original": {
        "owner": "nixos",
        "ref": "nixpkgs-unstable",
        "repo": "nixpkgs",
        "type": "github"
      }
    },
    "nixpkgs-master": {
      "locked": {
        "lastModified": 1756314616,
        "narHash": "sha256-7wIquF4rnI3KllavgxbApq8RTKhpTqPSfVyc49I7Zzc=",
        "owner": "nixos",
        "repo": "nixpkgs",
        "rev": "32b26ec5cc90242233963821090c781747d2c58a",
        "type": "github"
      },
      "original": {
        "owner": "nixos",
        "repo": "nixpkgs",
        "type": "github"
      }
    },
    "nixpkgs-stable": {
      "locked": {
        "lastModified": 1747657350,
        "narHash": "sha256-YS2BCDHH0uzJ9mfkodpaVz08IUfgNeJNmRo7GTSdm8I=",
        "owner": "nixos",
        "repo": "nixpkgs",
        "rev": "93decbb869808bea91756a3f4053909e22dd2fa4",
        "type": "github"
      },
      "original": {
        "owner": "nixos",
        "repo": "nixpkgs",
        "rev": "93decbb869808bea91756a3f4053909e22dd2fa4",
        "type": "github"
      }
    },
    "root": {
      "inputs": {
        "font-sf-mono": "font-sf-mono",
        "home-manager": "home-manager",
        "impermanence": "impermanence",
        "nixpkgs": "nixpkgs",
        "nixpkgs-master": "nixpkgs-master",
        "nixpkgs-stable": "nixpkgs-stable",
        "src-distroav": "src-distroav",
        "src-kvmfr": "src-kvmfr",
        "src-ndi": "src-ndi",
        "src-vban": "src-vban",
        "src-vkcapture": "src-vkcapture"
      }
    },
    "src-distroav": {
      "flake": false,
      "locked": {
        "lastModified": 1756298091,
        "narHash": "sha256-5TMjZAETlINGLBxeahL+eHQIQzpjxB0gT/q59Q9ejBA=",
        "owner": "DistroAV",
        "repo": "DistroAV",
        "rev": "8f7cd0d9d70ae8ee9a57c5ee431e248124177aac",
        "type": "github"
      },
      "original": {
        "owner": "DistroAV",
        "repo": "DistroAV",
        "type": "github"
      }
    },
    "src-kvmfr": {
      "flake": false,
      "locked": {
        "lastModified": 1751257508,
        "narHash": "sha256-U3iRVVzmxgmoukX1O9LtzYOk5/fEjkzQnOPHSiaDfHQ=",
        "ref": "refs/heads/master",
        "rev": "cb304115f68eb5ba5632eaacf5fb2d34f93e6814",
        "revCount": 3485,
        "submodules": true,
        "type": "git",
        "url": "https://github.com/gnif/LookingGlass"
      },
      "original": {
        "submodules": true,
        "type": "git",
        "url": "https://github.com/gnif/LookingGlass"
      }
    },
    "src-ndi": {
      "flake": false,
      "locked": {
        "lastModified": 1755790409,
        "narHash": "sha256-lSxeerK2POim5YV8YSgM5fGOc0PM5VMGXPZ1AtpxCEQ=",
        "type": "tarball",
        "url": "https://downloads.ndi.tv/SDK/NDI_SDK_Linux/Install_NDI_SDK_v6_Linux.tar.gz"
      },
      "original": {
        "type": "tarball",
        "url": "https://downloads.ndi.tv/SDK/NDI_SDK_Linux/Install_NDI_SDK_v6_Linux.tar.gz"
      }
    },
    "src-vban": {
      "flake": false,
      "locked": {
        "lastModified": 1602441870,
        "narHash": "sha256-V7f+jcj3NpxXNr15Ozx2is4ReeeVpl3xvelMuPNfNT0=",
        "ref": "refs/heads/master",
        "rev": "4f69e5a6cd02627a891f2b15c2cf01bf4c87d23d",
        "revCount": 97,
        "submodules": true,
        "type": "git",
        "url": "https://github.com/quiniouben/vban"
      },
      "original": {
        "submodules": true,
        "type": "git",
        "url": "https://github.com/quiniouben/vban"
      }
    },
    "src-vkcapture": {
      "flake": false,
      "locked": {
        "lastModified": 1725904240,
        "narHash": "sha256-G/+yb0zDUwmXSq0QjPJN9C5Q1TGPTRT62dlwMN0EITs=",
        "owner": "scaledteam",
        "repo": "obs-vkcapture",
        "rev": "e499ecc044db8be6e467110302fd5288c469a100",
        "type": "github"
      },
      "original": {
        "owner": "scaledteam",
        "repo": "obs-vkcapture",
        "type": "github"
      }
    }
  },
  "root": "root",
  "version": 7
}
