{
  "nodes": {
    "font-sf-mono": {
      "flake": false,
      "locked": {
        "lastModified": 1688258025,
        "narHash": "sha256-AYjKrVLISsJWXN6Cj74wXmbJtREkFDYOCRw1t2nVH2w=",
        "owner": "shaunsingh",
        "repo": "SFMono-Nerd-Font-Ligaturized",
        "rev": "dc5a3e6fcc2e16ad476b7be3c3c17c2273b260ea",
        "type": "github"
      },
      "original": {
        "owner": "shaunsingh",
        "repo": "SFMono-Nerd-Font-Ligaturized",
        "type": "github"
      }
    },
    "home-manager": {
      "inputs": {
        "nixpkgs": [
          "nixpkgs"
        ]
      },
      "locked": {
        "lastModified": 1703527373,
        "narHash": "sha256-AjypRssRtS6F3xkf7rE3/bXkIF2WJOZLbTIspjcE1zM=",
        "owner": "nix-community",
        "repo": "home-manager",
        "rev": "80679ea5074ab7190c4cce478c600057cfb5edae",
        "type": "github"
      },
      "original": {
        "owner": "nix-community",
        "repo": "home-manager",
        "type": "github"
      }
    },
    "impermanence": {
      "locked": {
        "lastModified": 1703606475,
        "narHash": "sha256-ztFe33E2f+XmrvOFOy9NDvQCkvfQUE6K/BBV+ZtCZLs=",
        "owner": "nix-community",
        "repo": "impermanence",
        "rev": "3d599bd65eb383bc36191ba39ed6084674b0d7b2",
        "type": "github"
      },
      "original": {
        "owner": "nix-community",
        "repo": "impermanence",
        "type": "github"
      }
    },
    "nixpkgs": {
      "locked": {
        "lastModified": 1703255338,
        "narHash": "sha256-Z6wfYJQKmDN9xciTwU3cOiOk+NElxdZwy/FiHctCzjU=",
        "owner": "nixos",
        "repo": "nixpkgs",
        "rev": "6df37dc6a77654682fe9f071c62b4242b5342e04",
        "type": "github"
      },
      "original": {
        "owner": "nixos",
        "ref": "nixos-unstable",
        "repo": "nixpkgs",
        "type": "github"
      }
    },
    "root": {
      "inputs": {
        "font-sf-mono": "font-sf-mono",
        "home-manager": "home-manager",
        "impermanence": "impermanence",
        "nixpkgs": "nixpkgs",
        "src-kvmfr": "src-kvmfr",
        "src-ndi": "src-ndi",
        "src-vban": "src-vban"
      }
    },
    "src-kvmfr": {
      "flake": false,
      "locked": {
        "lastModified": 1703392219,
        "narHash": "sha256-QWCxp8JUjkrhrFec1ZQTP/psJDRcWlkioh84qaBbHw8=",
        "ref": "refs/heads/master",
        "rev": "e5a9c0242fb5d6b57f19605577c708889ff078da",
        "revCount": 3283,
        "submodules": true,
        "type": "git",
        "url": "https://github.com/gnif/LookingGlass"
      },
      "original": {
        "submodules": true,
        "type": "git",
        "url": "https://github.com/gnif/LookingGlass"
      }
    },
    "src-ndi": {
      "flake": false,
      "locked": {
        "lastModified": 1700246128,
        "narHash": "sha256-38h+Rmb+juxfMHZXhdbRQzCUCUBxhsb1fKoEEPVtSJU=",
        "type": "tarball",
        "url": "https://downloads.ndi.tv/SDK/NDI_SDK_Linux/Install_NDI_SDK_v5_Linux.tar.gz"
      },
      "original": {
        "type": "tarball",
        "url": "https://downloads.ndi.tv/SDK/NDI_SDK_Linux/Install_NDI_SDK_v5_Linux.tar.gz"
      }
    },
    "src-vban": {
      "flake": false,
      "locked": {
        "lastModified": 1602441870,
        "narHash": "sha256-V7f+jcj3NpxXNr15Ozx2is4ReeeVpl3xvelMuPNfNT0=",
        "ref": "refs/heads/master",
        "rev": "4f69e5a6cd02627a891f2b15c2cf01bf4c87d23d",
        "revCount": 97,
        "submodules": true,
        "type": "git",
        "url": "https://github.com/quiniouben/vban"
      },
      "original": {
        "submodules": true,
        "type": "git",
        "url": "https://github.com/quiniouben/vban"
      }
    }
  },
  "root": "root",
  "version": 7
}
