{
  "nodes": {
    "font-sf-mono": {
      "flake": false,
      "locked": {
        "lastModified": 1688258025,
        "narHash": "sha256-AYjKrVLISsJWXN6Cj74wXmbJtREkFDYOCRw1t2nVH2w=",
        "owner": "shaunsingh",
        "repo": "SFMono-Nerd-Font-Ligaturized",
        "rev": "dc5a3e6fcc2e16ad476b7be3c3c17c2273b260ea",
        "type": "github"
      },
      "original": {
        "owner": "shaunsingh",
        "repo": "SFMono-Nerd-Font-Ligaturized",
        "type": "github"
      }
    },
    "home-manager": {
      "inputs": {
        "nixpkgs": [
          "nixpkgs"
        ]
      },
      "locked": {
        "lastModified": 1785306346,
        "narHash": "sha256-DScBkW0fOgpGPK2trNoX3ryLTlaC14+gglFo/BhGJ4g=",
        "owner": "nix-community",
        "repo": "home-manager",
        "rev": "e705714e918c3b11affcdd15db2cbe3a070420a0",
        "type": "github"
      },
      "original": {
        "owner": "nix-community",
        "repo": "home-manager",
        "type": "github"
      }
    },
    "impermanence": {
      "inputs": {
        "home-manager": [
          "home-manager"
        ],
        "nixpkgs": [
          "nixpkgs"
        ]
      },
      "locked": {
        "lastModified": 1769548169,
        "narHash": "sha256-03+JxvzmfwRu+5JafM0DLbxgHttOQZkUtDWBmeUkN8Y=",
        "owner": "nix-community",
        "repo": "impermanence",
        "rev": "7b1d382faf603b6d264f58627330f9faa5cba149",
        "type": "github"
      },
      "original": {
        "owner": "nix-community",
        "repo": "impermanence",
        "type": "github"
      }
    },
    "nix-index-database": {
      "inputs": {
        "nixpkgs": [
          "nixpkgs"
        ]
      },
      "locked": {
        "lastModified": 1785046085,
        "narHash": "sha256-UiK+mmZJuLWQVhJ5b2wDzogIYWAesyRm6LA3h3Ulh3Y=",
        "owner": "nix-community",
        "repo": "nix-index-database",
        "rev": "11665045df8b9938ef811a3bfdc65cffb02b4b70",
        "type": "github"
      },
      "original": {
        "owner": "nix-community",
        "repo": "nix-index-database",
        "type": "github"
      }
    },
    "nixpkgs": {
      "locked": {
        "lastModified": 1785301185,
        "narHash": "sha256-eoS3KQTO0aPWXZvIaRbRAzSSHW3l5wdMFXtT1ISfoKA=",
        "owner": "nixos",
        "repo": "nixpkgs",
        "rev": "9bc02893134c733dd85de46ee4fb2fac696b5529",
        "type": "github"
      },
      "original": {
        "owner": "nixos",
        "ref": "nixpkgs-unstable",
        "repo": "nixpkgs",
        "type": "github"
      }
    },
    "nixpkgs-master": {
      "locked": {
        "lastModified": 1785386845,
        "narHash": "sha256-CvXXTgWxbwTn6Diev4nLTP5+8tsFtth/SQAtaR9iVY0=",
        "owner": "nixos",
        "repo": "nixpkgs",
        "rev": "3c5a718ce27c9283364d4c664fac4e4a23acdfb4",
        "type": "github"
      },
      "original": {
        "owner": "nixos",
        "repo": "nixpkgs",
        "type": "github"
      }
    },
    "nvidia-patch": {
      "inputs": {
        "nixpkgs": [
          "nixpkgs"
        ],
        "utils": "utils"
      },
      "locked": {
        "lastModified": 1783833086,
        "narHash": "sha256-RjtedNjAhoJIWFE6L5j6WAbkOgY04rFIhO6aSCl44Mc=",
        "owner": "icewind1991",
        "repo": "nvidia-patch-nixos",
        "rev": "cbffa63f052249bfa1eef746c833c65ed5014343",
        "type": "github"
      },
      "original": {
        "owner": "icewind1991",
        "repo": "nvidia-patch-nixos",
        "type": "github"
      }
    },
    "root": {
      "inputs": {
        "font-sf-mono": "font-sf-mono",
        "home-manager": "home-manager",
        "impermanence": "impermanence",
        "nix-index-database": "nix-index-database",
        "nixpkgs": "nixpkgs",
        "nixpkgs-master": "nixpkgs-master",
        "nvidia-patch": "nvidia-patch",
        "src-distroav": "src-distroav",
        "src-kvmfr": "src-kvmfr",
        "src-ndi": "src-ndi",
        "src-vban": "src-vban",
        "src-vkcapture": "src-vkcapture"
      }
    },
    "src-distroav": {
      "flake": false,
      "locked": {
        "lastModified": 1782726605,
        "narHash": "sha256-4IO+vawHIjSgGGmoMd7XxowAdH6+YkQ/1LJqal2MX9A=",
        "owner": "DistroAV",
        "repo": "DistroAV",
        "rev": "6e6960794ae27c1e733043782c1ff7ff1729b5a8",
        "type": "github"
      },
      "original": {
        "owner": "DistroAV",
        "repo": "DistroAV",
        "type": "github"
      }
    },
    "src-kvmfr": {
      "flake": false,
      "locked": {
        "lastModified": 1785371447,
        "narHash": "sha256-ntPj65xGsZzDVNgWvdH0l0xNN+L3BiW7OAaRo4rJIlE=",
        "ref": "refs/heads/master",
        "rev": "a9b8f437d48257c5318dc02f143f1d2de42ce2e5",
        "revCount": 3820,
        "submodules": true,
        "type": "git",
        "url": "https://github.com/gnif/LookingGlass"
      },
      "original": {
        "submodules": true,
        "type": "git",
        "url": "https://github.com/gnif/LookingGlass"
      }
    },
    "src-ndi": {
      "flake": false,
      "locked": {
        "lastModified": 1776115524,
        "narHash": "sha256-YpEWXjCjkb+9N7t4QO/GR+Rr2a8Hz0RYtiobvaquTis=",
        "type": "tarball",
        "url": "https://downloads.ndi.tv/SDK/NDI_SDK_Linux/Install_NDI_SDK_v6_Linux.tar.gz"
      },
      "original": {
        "type": "tarball",
        "url": "https://downloads.ndi.tv/SDK/NDI_SDK_Linux/Install_NDI_SDK_v6_Linux.tar.gz"
      }
    },
    "src-vban": {
      "flake": false,
      "locked": {
        "lastModified": 1775225750,
        "narHash": "sha256-Zt+n2ESKH2Q10kS7GyKGfDEMfVkAQDzvjhseTO/dbxs=",
        "ref": "refs/heads/master",
        "rev": "9c3d558bbdb9d971cdddf95dff1abdcb95e94466",
        "revCount": 102,
        "submodules": true,
        "type": "git",
        "url": "https://github.com/quiniouben/vban"
      },
      "original": {
        "submodules": true,
        "type": "git",
        "url": "https://github.com/quiniouben/vban"
      }
    },
    "src-vkcapture": {
      "flake": false,
      "locked": {
        "lastModified": 1725904240,
        "narHash": "sha256-G/+yb0zDUwmXSq0QjPJN9C5Q1TGPTRT62dlwMN0EITs=",
        "owner": "scaledteam",
        "repo": "obs-vkcapture",
        "rev": "e499ecc044db8be6e467110302fd5288c469a100",
        "type": "github"
      },
      "original": {
        "owner": "scaledteam",
        "repo": "obs-vkcapture",
        "type": "github"
      }
    },
    "systems": {
      "locked": {
        "lastModified": 1681028828,
        "narHash": "sha256-Vy1rq5AaRuLzOxct8nz4T6wlgyUR7zLU309k9mBC768=",
        "owner": "nix-systems",
        "repo": "default",
        "rev": "da67096a3b9bf56a91d16901293e51ba5b49a27e",
        "type": "github"
      },
      "original": {
        "owner": "nix-systems",
        "repo": "default",
        "type": "github"
      }
    },
    "utils": {
      "inputs": {
        "systems": "systems"
      },
      "locked": {
        "lastModified": 1710146030,
        "narHash": "sha256-SZ5L6eA7HJ/nmkzGG7/ISclqe6oZdOZTNoesiInkXPQ=",
        "owner": "numtide",
        "repo": "flake-utils",
        "rev": "b1d9ab70662946ef0850d488da1c9019f3a9752a",
        "type": "github"
      },
      "original": {
        "owner": "numtide",
        "repo": "flake-utils",
        "type": "github"
      }
    }
  },
  "root": "root",
  "version": 7
}
